
Microsoft Visual Studio Solution File, Format Version 12.00
# Visual Studio Version 16
VisualStudioVersion = 16.0.30114.105
MinimumVisualStudioVersion = 10.0.40219.1
Project("{2150E333-8FDC-42A3-9474-1A3956D46DE8}") = "src", "src", "{8EA34D28-4D2E-4E4E-BDE7-AC8E8C10AD18}"
EndProject
Project("{FAE04EC0-301F-11D3-BF4B-00C04F79EFBC}") = "Lombiq.UtilityScripts.OrchardCore", "src\Lombiq.UtilityScripts.OrchardCore\Lombiq.UtilityScripts.OrchardCore.csproj", "{9A0D4EAC-EFCE-4BDA-A698-A179898C1C37}"
EndProject
Project("{FAE04EC0-301F-11D3-BF4B-00C04F79EFBC}") = "Lombiq.UtilityScripts.Common", "src\Lombiq.UtilityScripts.Common\Lombiq.UtilityScripts.Common.csproj", "{CA3CF7A3-71B4-442E-9CF7-3982F4CE9490}"
EndProject
Global
	GlobalSection(SolutionConfigurationPlatforms) = preSolution
		Debug|Any CPU = Debug|Any CPU
		Debug|x64 = Debug|x64
		Debug|x86 = Debug|x86
		Release|Any CPU = Release|Any CPU
		Release|x64 = Release|x64
		Release|x86 = Release|x86
	EndGlobalSection
	GlobalSection(SolutionProperties) = preSolution
		HideSolutionNode = FALSE
	EndGlobalSection
	GlobalSection(ProjectConfigurationPlatforms) = postSolution
		{9A0D4EAC-EFCE-4BDA-A698-A179898C1C37}.Debug|Any CPU.ActiveCfg = Debug|Any CPU
		{9A0D4EAC-EFCE-4BDA-A698-A179898C1C37}.Debug|Any CPU.Build.0 = Debug|Any CPU
		{9A0D4EAC-EFCE-4BDA-A698-A179898C1C37}.Debug|x64.ActiveCfg = Debug|Any CPU
		{9A0D4EAC-EFCE-4BDA-A698-A179898C1C37}.Debug|x64.Build.0 = Debug|Any CPU
		{9A0D4EAC-EFCE-4BDA-A698-A179898C1C37}.Debug|x86.ActiveCfg = Debug|Any CPU
		{9A0D4EAC-EFCE-4BDA-A698-A179898C1C37}.Debug|x86.Build.0 = Debug|Any CPU
		{9A0D4EAC-EFCE-4BDA-A698-A179898C1C37}.Release|Any CPU.ActiveCfg = Release|Any CPU
		{9A0D4EAC-EFCE-4BDA-A698-A179898C1C37}.Release|Any CPU.Build.0 = Release|Any CPU
		{9A0D4EAC-EFCE-4BDA-A698-A179898C1C37}.Release|x64.ActiveCfg = Release|Any CPU
		{9A0D4EAC-EFCE-4BDA-A698-A179898C1C37}.Release|x64.Build.0 = Release|Any CPU
		{9A0D4EAC-EFCE-4BDA-A698-A179898C1C37}.Release|x86.ActiveCfg = Release|Any CPU
		{9A0D4EAC-EFCE-4BDA-A698-A179898C1C37}.Release|x86.Build.0 = Release|Any CPU
		{CA3CF7A3-71B4-442E-9CF7-3982F4CE9490}.Debug|Any CPU.ActiveCfg = Debug|Any CPU
		{CA3CF7A3-71B4-442E-9CF7-3982F4CE9490}.Debug|Any CPU.Build.0 = Debug|Any CPU
		{CA3CF7A3-71B4-442E-9CF7-3982F4CE9490}.Debug|x64.ActiveCfg = Debug|Any CPU
		{CA3CF7A3-71B4-442E-9CF7-3982F4CE9490}.Debug|x64.Build.0 = Debug|Any CPU
		{CA3CF7A3-71B4-442E-9CF7-3982F4CE9490}.Debug|x86.ActiveCfg = Debug|Any CPU
		{CA3CF7A3-71B4-442E-9CF7-3982F4CE9490}.Debug|x86.Build.0 = Debug|Any CPU
		{CA3CF7A3-71B4-442E-9CF7-3982F4CE9490}.Release|Any CPU.ActiveCfg = Release|Any CPU
		{CA3CF7A3-71B4-442E-9CF7-3982F4CE9490}.Release|Any CPU.Build.0 = Release|Any CPU
		{CA3CF7A3-71B4-442E-9CF7-3982F4CE9490}.Release|x64.ActiveCfg = Release|Any CPU
		{CA3CF7A3-71B4-442E-9CF7-3982F4CE9490}.Release|x64.Build.0 = Release|Any CPU
		{CA3CF7A3-71B4-442E-9CF7-3982F4CE9490}.Release|x86.ActiveCfg = Release|Any CPU
		{CA3CF7A3-71B4-442E-9CF7-3982F4CE9490}.Release|x86.Build.0 = Release|Any CPU
	EndGlobalSection
	GlobalSection(NestedProjects) = preSolution
		{9A0D4EAC-EFCE-4BDA-A698-A179898C1C37} = {8EA34D28-4D2E-4E4E-BDE7-AC8E8C10AD18}
		{CA3CF7A3-71B4-442E-9CF7-3982F4CE9490} = {8EA34D28-4D2E-4E4E-BDE7-AC8E8C10AD18}
	EndGlobalSection
EndGlobal
